
Microsoft Visual Studio Solution File, Format Version 12.00
# Visual Studio Version 16
VisualStudioVersion = 16.0.30621.155
MinimumVisualStudioVersion = 10.0.40219.1
Project("{FAE04EC0-301F-11D3-BF4B-00C04F79EFBC}") = "TicketingSystem", "TicketingSystem\TicketingSystem.csproj", "{B5E2E8F0-5E28-469A-BF95-C2035BBBC983}"
EndProject
Global
	GlobalSection(SolutionConfigurationPlatforms) = preSolution
		Debug|Any CPU = Debug|Any CPU
		Release|Any CPU = Release|Any CPU
	EndGlobalSection
	GlobalSection(ProjectConfigurationPlatforms) = postSolution
		{B5E2E8F0-5E28-469A-BF95-C2035BBBC983}.Debug|Any CPU.ActiveCfg = Debug|Any CPU
		{B5E2E8F0-5E28-469A-BF95-C2035BBBC983}.Debug|Any CPU.Build.0 = Debug|Any CPU
		{B5E2E8F0-5E28-469A-BF95-C2035BBBC983}.Release|Any CPU.ActiveCfg = Release|Any CPU
		{B5E2E8F0-5E28-469A-BF95-C2035BBBC983}.Release|Any CPU.Build.0 = Release|Any CPU
	EndGlobalSection
	GlobalSection(SolutionProperties) = preSolution
		HideSolutionNode = FALSE
	EndGlobalSection
	GlobalSection(ExtensibilityGlobals) = postSolution
		SolutionGuid = {4562C4F6-9A9B-447F-8AAF-11ED2BE73B33}
	EndGlobalSection
EndGlobal
